
Microsoft Visual Studio Solution File, Format Version 12.00
Project("{FAE04EC0-301F-11D3-BF4B-00C04F79EFBC}") = "Divisao", "Divisao.csproj", "{201C2D7E-6796-4FFC-87F3-C103E999AE62}"
EndProject
Global
	GlobalSection(SolutionConfigurationPlatforms) = preSolution
		Debug|Any CPU = Debug|Any CPU
		Release|Any CPU = Release|Any CPU
	EndGlobalSection
	GlobalSection(ProjectConfigurationPlatforms) = postSolution
		{201C2D7E-6796-4FFC-87F3-C103E999AE62}.Debug|Any CPU.ActiveCfg = Debug|Any CPU
		{201C2D7E-6796-4FFC-87F3-C103E999AE62}.Debug|Any CPU.Build.0 = Debug|Any CPU
		{201C2D7E-6796-4FFC-87F3-C103E999AE62}.Release|Any CPU.ActiveCfg = Release|Any CPU
		{201C2D7E-6796-4FFC-87F3-C103E999AE62}.Release|Any CPU.Build.0 = Release|Any CPU
	EndGlobalSection
EndGlobal
